
Microsoft Visual Studio Solution File, Format Version 12.00
# Visual Studio Version 17
VisualStudioVersion = 17.5.002.0
MinimumVisualStudioVersion = 10.0.40219.1
Project("{9A19103F-16F7-4668-BE54-9A1E7A4F7556}") = "TestTUnit", "TestTUnit\TestTUnit.csproj", "{2B782DF5-3663-441E-BCF3-7BB65196912F}"
EndProject
Global
	GlobalSection(SolutionConfigurationPlatforms) = preSolution
		Debug|Any CPU = Debug|Any CPU
		Release|Any CPU = Release|Any CPU
	EndGlobalSection
	GlobalSection(ProjectConfigurationPlatforms) = postSolution
		{2B782DF5-3663-441E-BCF3-7BB65196912F}.Debug|Any CPU.ActiveCfg = Debug|Any CPU
		{2B782DF5-3663-441E-BCF3-7BB65196912F}.Debug|Any CPU.Build.0 = Debug|Any CPU
		{2B782DF5-3663-441E-BCF3-7BB65196912F}.Release|Any CPU.ActiveCfg = Release|Any CPU
		{2B782DF5-3663-441E-BCF3-7BB65196912F}.Release|Any CPU.Build.0 = Release|Any CPU
	EndGlobalSection
	GlobalSection(SolutionProperties) = preSolution
		HideSolutionNode = FALSE
	EndGlobalSection
	GlobalSection(ExtensibilityGlobals) = postSolution
		SolutionGuid = {54502926-DC42-45C6-B643-8FA14CDBA095}
	EndGlobalSection
EndGlobal
