
Microsoft Visual Studio Solution File, Format Version 12.00
# Visual Studio Version 17
VisualStudioVersion = 17.10.34607.79
MinimumVisualStudioVersion = 10.0.40219.1
Project("{FAE04EC0-301F-11D3-BF4B-00C04F79EFBC}") = "AcadCsPlugin", "AcadCsPlugin\AcadCsPlugin.csproj", "{BBA59510-2AF4-40B0-83B6-97ABF9388776}"
EndProject
Global
	GlobalSection(SolutionConfigurationPlatforms) = preSolution
		Debug|Any CPU = Debug|Any CPU
		Release|Any CPU = Release|Any CPU
	EndGlobalSection
	GlobalSection(ProjectConfigurationPlatforms) = postSolution
		{BBA59510-2AF4-40B0-83B6-97ABF9388776}.Debug|Any CPU.ActiveCfg = Debug|Any CPU
		{BBA59510-2AF4-40B0-83B6-97ABF9388776}.Debug|Any CPU.Build.0 = Debug|Any CPU
		{BBA59510-2AF4-40B0-83B6-97ABF9388776}.Release|Any CPU.ActiveCfg = Release|Any CPU
		{BBA59510-2AF4-40B0-83B6-97ABF9388776}.Release|Any CPU.Build.0 = Release|Any CPU
	EndGlobalSection
	GlobalSection(SolutionProperties) = preSolution
		HideSolutionNode = FALSE
	EndGlobalSection
	GlobalSection(ExtensibilityGlobals) = postSolution
		SolutionGuid = {CD2736E0-3094-4E27-832C-9CB4FAE0363C}
	EndGlobalSection
EndGlobal
